{
  "name": "react-expo-mobile",
  "lockfileVersion": 3,
  "requires": true,
  "packages": {
    "": {
      "dependencies": {
        "expo-image-picker": "^57.0.16"
      }
    },
    "node_modules/expo-image-loader": {
      "version": "57.0.1",
      "resolved": "https://registry.npmjs.org/expo-image-loader/-/expo-image-loader-57.0.1.tgz",
      "integrity": "sha512-uhrZKLT/cTl2mXyR28kPpVkS5O+PK9N1QA/07IFM4f5T4g0lTW1JHT3NEWwEEsGFldPmVX4j7LwUVVZxE+woug==",
      "license": "MIT",
      "peerDependencies": {
        "expo": "*"
      }
    },
    "node_modules/expo-image-picker": {
      "version": "57.0.16",
      "resolved": "https://registry.npmjs.org/expo-image-picker/-/expo-image-picker-57.0.16.tgz",
      "integrity": "sha512-9CrY/hoBHI2GsOo/4AWz6cInRHhGhhCmbza3JYr4j3P/NWpthLlIm0IXSWpxadSYJx0a2FAti0f7XWMg95aPEg==",
      "license": "MIT",
      "dependencies": {
        "expo-image-loader": "~57.0.1"
      },
      "peerDependencies": {
        "expo": "*"
      }
    }
  }
}
